
Microsoft Visual Studio Solution File, Format Version 12.00
# Visual Studio Version 17
VisualStudioVersion = 17.14.36301.6 d17.14
MinimumVisualStudioVersion = 10.0.40219.1
Project("{FAE04EC0-301F-11D3-BF4B-00C04F79EFBC}") = "ERDM.Shared.Kernel", "ERDM.Shared.Kernel\ERDM.Shared.Kernel.csproj", "{3F4BA546-7A01-47B4-9057-6127E58D6D26}"
EndProject
Global
	GlobalSection(SolutionConfigurationPlatforms) = preSolution
		Debug|Any CPU = Debug|Any CPU
		Release|Any CPU = Release|Any CPU
	EndGlobalSection
	GlobalSection(ProjectConfigurationPlatforms) = postSolution
		{3F4BA546-7A01-47B4-9057-6127E58D6D26}.Debug|Any CPU.ActiveCfg = Debug|Any CPU
		{3F4BA546-7A01-47B4-9057-6127E58D6D26}.Debug|Any CPU.Build.0 = Debug|Any CPU
		{3F4BA546-7A01-47B4-9057-6127E58D6D26}.Release|Any CPU.ActiveCfg = Release|Any CPU
		{3F4BA546-7A01-47B4-9057-6127E58D6D26}.Release|Any CPU.Build.0 = Release|Any CPU
	EndGlobalSection
	GlobalSection(SolutionProperties) = preSolution
		HideSolutionNode = FALSE
	EndGlobalSection
	GlobalSection(ExtensibilityGlobals) = postSolution
		SolutionGuid = {D58B941D-F253-4B28-8751-7B0AF9486E31}
	EndGlobalSection
EndGlobal
